{
    "hash": "dc6277dd1370ac30ada95a5bfefd4bbe",
    "packages": [
        {
            "name": "florianwolters/component-core-cloneable",
            "version": "dev-master",
            "source": {
                "type": "git",
                "url": "https://github.com/FlorianWolters/PHP-Component-Core-Cloneable.git",
                "reference": "aa980402c4f21efccc87e19f96be72866497e769"
            },
            "dist": {
                "type": "zip",
                "url": "https://api.github.com/repos/FlorianWolters/PHP-Component-Core-Cloneable/zipball/aa980402c4f21efccc87e19f96be72866497e769",
                "reference": "aa980402c4f21efccc87e19f96be72866497e769",
                "shasum": ""
            },
            "require": {
                "php": ">=5.4"
            },
            "type": "library",
            "autoload": {
                "psr-0": {
                    "FlorianWolters": [
                        "src/php",
                        "src/tests/mocks/php",
                        "src/tests/unit-tests/php"
                    ]
                }
            },
            "notification-url": "https://packagist.org/downloads/",
            "license": [
                "LGPL-3.0+"
            ],
            "authors": [
                {
                    "name": "Florian Wolters",
                    "email": "wolters.fl@gmail.com",
                    "homepage": "http://blog.florianwolters.de",
                    "role": "Developer"
                }
            ],
            "description": "Allows and disallows the cloning of objects as a PHP component.",
            "homepage": "http://github.com/FlorianWolters/PHP-Component-Core-Cloneable",
            "keywords": [
                "clone",
                "cloning",
                "creation"
            ],
            "time": "2013-03-13 14:43:10"
        },
        {
            "name": "florianwolters/component-core-comparable",
            "version": "dev-master",
            "source": {
                "type": "git",
                "url": "https://github.com/FlorianWolters/PHP-Component-Core-Comparable.git",
                "reference": "be8e11bc00956ce44507b021173d9071b489d088"
            },
            "dist": {
                "type": "zip",
                "url": "https://api.github.com/repos/FlorianWolters/PHP-Component-Core-Comparable/zipball/be8e11bc00956ce44507b021173d9071b489d088",
                "reference": "be8e11bc00956ce44507b021173d9071b489d088",
                "shasum": ""
            },
            "require": {
                "php": ">=5.4"
            },
            "type": "library",
            "autoload": {
                "psr-0": {
                    "FlorianWolters": [
                        "src/php",
                        "src/tests/mocks/php"
                    ]
                }
            },
            "notification-url": "https://packagist.org/downloads/",
            "license": [
                "LGPL-3.0+"
            ],
            "authors": [
                {
                    "name": "Florian Wolters",
                    "email": "wolters.fl@gmail.com",
                    "homepage": "http://blog.florianwolters.de",
                    "role": "Developer"
                }
            ],
            "description": "Imposes a total ordering on objects as a PHP component.",
            "homepage": "http://github.com/FlorianWolters/PHP-Component-Core-Comparable",
            "keywords": [
                "comparable",
                "compareTo",
                "comparison",
                "core"
            ],
            "time": "2013-03-15 18:37:54"
        },
        {
            "name": "florianwolters/component-core-debugprint",
            "version": "dev-master",
            "source": {
                "type": "git",
                "url": "https://github.com/FlorianWolters/PHP-Component-Core-DebugPrint.git",
                "reference": "63163e6db56a70f4afd54dfd277af03fd7c62d51"
            },
            "dist": {
                "type": "zip",
                "url": "https://api.github.com/repos/FlorianWolters/PHP-Component-Core-DebugPrint/zipball/63163e6db56a70f4afd54dfd277af03fd7c62d51",
                "reference": "63163e6db56a70f4afd54dfd277af03fd7c62d51",
                "shasum": ""
            },
            "require": {
                "florianwolters/component-core-hashcode": "0.2.*",
                "php": ">=5.4"
            },
            "type": "library",
            "autoload": {
                "psr-0": {
                    "FlorianWolters": [
                        "src/php",
                        "src/tests/mocks/php"
                    ]
                }
            },
            "notification-url": "https://packagist.org/downloads/",
            "license": [
                "LGPL-3.0+"
            ],
            "authors": [
                {
                    "name": "Florian Wolters",
                    "email": "wolters.fl@gmail.com",
                    "homepage": "http://blog.florianwolters.de",
                    "role": "Developer"
                }
            ],
            "description": "The Debug Print Method implementation pattern as a PHP component.",
            "homepage": "http://github.com/FlorianWolters/PHP-Component-Core-DebugPrint",
            "keywords": [
                "debug",
                "debug print method",
                "language",
                "pattern",
                "tostring"
            ],
            "time": "2013-03-01 14:29:21"
        },
        {
            "name": "florianwolters/component-core-equality",
            "version": "dev-master",
            "source": {
                "type": "git",
                "url": "https://github.com/FlorianWolters/PHP-Component-Core-Equality.git",
                "reference": "0337a65304bef882ffec29a08ee2810f582aeabb"
            },
            "dist": {
                "type": "zip",
                "url": "https://api.github.com/repos/FlorianWolters/PHP-Component-Core-Equality/zipball/0337a65304bef882ffec29a08ee2810f582aeabb",
                "reference": "0337a65304bef882ffec29a08ee2810f582aeabb",
                "shasum": ""
            },
            "require": {
                "php": ">=5.4"
            },
            "type": "library",
            "autoload": {
                "psr-0": {
                    "FlorianWolters": [
                        "src/php",
                        "src/tests/mocks/php",
                        "src/tests/unit-tests/php"
                    ]
                }
            },
            "notification-url": "https://packagist.org/downloads/",
            "license": [
                "LGPL-3.0+"
            ],
            "authors": [
                {
                    "name": "Florian Wolters",
                    "email": "wolters.fl@gmail.com",
                    "homepage": "http://blog.florianwolters.de",
                    "role": "Developer"
                }
            ],
            "description": "Implements an equivalence relation on non-null object references as a PHP component.",
            "homepage": "http://github.com/FlorianWolters/PHP-Component-Core-Equality",
            "keywords": [
                "comparison",
                "core",
                "equality",
                "equals"
            ],
            "time": "2013-03-01 14:29:30"
        },
        {
            "name": "florianwolters/component-core-hashcode",
            "version": "v0.2.1",
            "source": {
                "type": "git",
                "url": "https://github.com/FlorianWolters/PHP-Component-Core-HashCode.git",
                "reference": "v0.2.1"
            },
            "dist": {
                "type": "zip",
                "url": "https://api.github.com/repos/FlorianWolters/PHP-Component-Core-HashCode/zipball/v0.2.1",
                "reference": "v0.2.1",
                "shasum": ""
            },
            "require": {
                "php": ">=5.4"
            },
            "type": "library",
            "autoload": {
                "psr-0": {
                    "FlorianWolters": [
                        "src/php",
                        "src/tests/mocks"
                    ]
                }
            },
            "notification-url": "https://packagist.org/downloads/",
            "license": [
                "LGPL-3.0+"
            ],
            "authors": [
                {
                    "name": "Florian Wolters",
                    "email": "wolters.fl@gmail.com",
                    "homepage": "http://blog.florianwolters.de",
                    "role": "Developer"
                }
            ],
            "description": "Provides a hash code value for objects as a PHP component.",
            "homepage": "http://github.com/FlorianWolters/PHP-Component-Core-HashCode",
            "keywords": [
                "hash",
                "language",
                "object"
            ],
            "time": "2013-03-01 11:31:56"
        },
        {
            "name": "florianwolters/component-core-immutable",
            "version": "dev-master",
            "source": {
                "type": "git",
                "url": "https://github.com/FlorianWolters/PHP-Component-Core-Immutable.git",
                "reference": "0ad7d924207175e4221cbc347bf082c84b7a009e"
            },
            "dist": {
                "type": "zip",
                "url": "https://api.github.com/repos/FlorianWolters/PHP-Component-Core-Immutable/zipball/0ad7d924207175e4221cbc347bf082c84b7a009e",
                "reference": "0ad7d924207175e4221cbc347bf082c84b7a009e",
                "shasum": ""
            },
            "require": {
                "florianwolters/component-core-cloneable": "dev-master",
                "php": ">=5.4"
            },
            "type": "library",
            "autoload": {
                "psr-0": {
                    "FlorianWolters": [
                        "src/php",
                        "src/tests/mocks/php"
                    ]
                }
            },
            "notification-url": "https://packagist.org/downloads/",
            "license": [
                "LGPL-3.0+"
            ],
            "authors": [
                {
                    "name": "Florian Wolters",
                    "email": "wolters.fl@gmail.com",
                    "homepage": "http://blog.florianwolters.de",
                    "role": "Developer"
                }
            ],
            "description": "The Immutable Object implementation pattern as a PHP component.",
            "homepage": "http://github.com/FlorianWolters/PHP-Component-Core-Immutable",
            "keywords": [
                "core",
                "immutable",
                "immutable class",
                "immutable object"
            ],
            "time": "2013-03-15 09:35:16"
        },
        {
            "name": "florianwolters/component-core-stringutils",
            "version": "dev-master",
            "source": {
                "type": "git",
                "url": "https://github.com/FlorianWolters/PHP-Component-Core-StringUtils.git",
                "reference": "ae1d8c097ae4e57bee03fbff113954dd40502150"
            },
            "dist": {
                "type": "zip",
                "url": "https://api.github.com/repos/FlorianWolters/PHP-Component-Core-StringUtils/zipball/ae1d8c097ae4e57bee03fbff113954dd40502150",
                "reference": "ae1d8c097ae4e57bee03fbff113954dd40502150",
                "shasum": ""
            },
            "require": {
                "php": ">=5.3"
            },
            "type": "library",
            "autoload": {
                "psr-0": {
                    "FlorianWolters": "src/php"
                }
            },
            "notification-url": "https://packagist.org/downloads/",
            "license": [
                "LGPL-3.0+"
            ],
            "authors": [
                {
                    "name": "Florian Wolters",
                    "email": "wolters.fl@gmail.com",
                    "homepage": "http://blog.florianwolters.de",
                    "role": "Developer"
                }
            ],
            "description": "Offers operations on the data type string as a PHP component.",
            "homepage": "http://github.com/FlorianWolters/PHP-Component-Core-StringUtils",
            "keywords": [
                "helper",
                "language",
                "string",
                "wrapper"
            ],
            "time": "2013-03-01 14:16:25"
        },
        {
            "name": "florianwolters/component-util-reflection",
            "version": "dev-master",
            "source": {
                "type": "git",
                "url": "https://github.com/FlorianWolters/PHP-Component-Util-Reflection.git",
                "reference": "9a4b7a7b958014c20ec6fb823440ea5d1a1b9aff"
            },
            "dist": {
                "type": "zip",
                "url": "https://api.github.com/repos/FlorianWolters/PHP-Component-Util-Reflection/zipball/9a4b7a7b958014c20ec6fb823440ea5d1a1b9aff",
                "reference": "9a4b7a7b958014c20ec6fb823440ea5d1a1b9aff",
                "shasum": ""
            },
            "require": {
                "florianwolters/component-core-stringutils": ">=0.2-beta",
                "php": ">=5.4"
            },
            "type": "library",
            "autoload": {
                "psr-0": {
                    "FlorianWolters": "src/php"
                }
            },
            "notification-url": "https://packagist.org/downloads/",
            "license": [
                "LGPL-3.0+"
            ],
            "authors": [
                {
                    "name": "Florian Wolters",
                    "email": "wolters.fl@gmail.com",
                    "homepage": "http://blog.florianwolters.de",
                    "role": "Developer"
                }
            ],
            "description": "Provides operations for the PHP Reflection API as a PHP component.",
            "homepage": "http://github.com/FlorianWolters/PHP-Component-Util-Reflection",
            "keywords": [
                "reflection",
                "utility"
            ],
            "time": "2013-03-15 17:33:02"
        },
        {
            "name": "florianwolters/component-util-singleton",
            "version": "dev-master",
            "source": {
                "type": "git",
                "url": "https://github.com/FlorianWolters/PHP-Component-Util-Singleton.git",
                "reference": "ef94f28242ac47ad95cf3768b3f19d507a3c0ae6"
            },
            "dist": {
                "type": "zip",
                "url": "https://api.github.com/repos/FlorianWolters/PHP-Component-Util-Singleton/zipball/ef94f28242ac47ad95cf3768b3f19d507a3c0ae6",
                "reference": "ef94f28242ac47ad95cf3768b3f19d507a3c0ae6",
                "shasum": ""
            },
            "require": {
                "florianwolters/component-core-stringutils": ">=0.2-beta",
                "florianwolters/component-util-reflection": ">=0.1",
                "php": ">=5.4"
            },
            "type": "library",
            "autoload": {
                "psr-0": {
                    "FlorianWolters": [
                        "src/php",
                        "src/tests/unit-tests/php",
                        "src/tests/mocks/php"
                    ]
                }
            },
            "notification-url": "https://packagist.org/downloads/",
            "license": [
                "LGPL-3.0+"
            ],
            "authors": [
                {
                    "name": "Florian Wolters",
                    "email": "wolters.fl@gmail.com",
                    "homepage": "http://blog.florianwolters.de",
                    "role": "Developer"
                }
            ],
            "description": "The Singleton (and Registry of Singletons a.k.a. Multiton) design pattern as a PHP component.",
            "homepage": "http://github.com/FlorianWolters/PHP-Component-Util-Singleton",
            "keywords": [
                "creation",
                "pattern",
                "singleton",
                "utility"
            ],
            "time": "2013-03-06 12:55:03"
        }
    ],
    "packages-dev": [

    ],
    "aliases": [

    ],
    "minimum-stability": "dev",
    "stability-flags": {
        "florianwolters/component-core-debugprint": 20,
        "florianwolters/component-core-comparable": 20,
        "florianwolters/component-core-equality": 20,
        "florianwolters/component-core-immutable": 20,
        "florianwolters/component-util-reflection": 20,
        "florianwolters/component-util-singleton": 20
    },
    "platform": {
        "php": ">=5.4"
    },
    "platform-dev": [

    ]
}
